
Microsoft Visual Studio Solution File, Format Version 12.00
# Visual Studio Version 16
VisualStudioVersion = 16.0.29926.136
MinimumVisualStudioVersion = 10.0.40219.1
Project("{FAE04EC0-301F-11D3-BF4B-00C04F79EFBC}") = "Exercio 1- 07.09", "Exercio 1- 07.09\Exercio 1- 07.09.csproj", "{746A3F00-578F-44F0-A17B-1F9A365D3AA4}"
EndProject
Global
	GlobalSection(SolutionConfigurationPlatforms) = preSolution
		Debug|Any CPU = Debug|Any CPU
		Release|Any CPU = Release|Any CPU
	EndGlobalSection
	GlobalSection(ProjectConfigurationPlatforms) = postSolution
		{746A3F00-578F-44F0-A17B-1F9A365D3AA4}.Debug|Any CPU.ActiveCfg = Debug|Any CPU
		{746A3F00-578F-44F0-A17B-1F9A365D3AA4}.Debug|Any CPU.Build.0 = Debug|Any CPU
		{746A3F00-578F-44F0-A17B-1F9A365D3AA4}.Release|Any CPU.ActiveCfg = Release|Any CPU
		{746A3F00-578F-44F0-A17B-1F9A365D3AA4}.Release|Any CPU.Build.0 = Release|Any CPU
	EndGlobalSection
	GlobalSection(SolutionProperties) = preSolution
		HideSolutionNode = FALSE
	EndGlobalSection
	GlobalSection(ExtensibilityGlobals) = postSolution
		SolutionGuid = {58C48119-B468-4A9F-BAF0-A64031F7808B}
	EndGlobalSection
EndGlobal
