
Microsoft Visual Studio Solution File, Format Version 12.00
# Visual Studio Version 16
VisualStudioVersion = 16.0.29926.136
MinimumVisualStudioVersion = 10.0.40219.1
Project("{FAE04EC0-301F-11D3-BF4B-00C04F79EFBC}") = "Atividade do produto - 31.08", "Atividade do produto - 31.08\Atividade do produto - 31.08.csproj", "{883C8F7D-F7A5-4F55-AB97-3E985F979418}"
EndProject
Global
	GlobalSection(SolutionConfigurationPlatforms) = preSolution
		Debug|Any CPU = Debug|Any CPU
		Release|Any CPU = Release|Any CPU
	EndGlobalSection
	GlobalSection(ProjectConfigurationPlatforms) = postSolution
		{883C8F7D-F7A5-4F55-AB97-3E985F979418}.Debug|Any CPU.ActiveCfg = Debug|Any CPU
		{883C8F7D-F7A5-4F55-AB97-3E985F979418}.Debug|Any CPU.Build.0 = Debug|Any CPU
		{883C8F7D-F7A5-4F55-AB97-3E985F979418}.Release|Any CPU.ActiveCfg = Release|Any CPU
		{883C8F7D-F7A5-4F55-AB97-3E985F979418}.Release|Any CPU.Build.0 = Release|Any CPU
	EndGlobalSection
	GlobalSection(SolutionProperties) = preSolution
		HideSolutionNode = FALSE
	EndGlobalSection
	GlobalSection(ExtensibilityGlobals) = postSolution
		SolutionGuid = {652FC113-40A4-4B09-B346-95C54E6F9729}
	EndGlobalSection
EndGlobal
