
Microsoft Visual Studio Solution File, Format Version 12.00
# Visual Studio Version 16
VisualStudioVersion = 16.0.29926.136
MinimumVisualStudioVersion = 10.0.40219.1
Project("{FAE04EC0-301F-11D3-BF4B-00C04F79EFBC}") = "ToString", "ToString\ToString.csproj", "{ED1BCC47-2311-4312-BCCC-4F2AD6D40D61}"
EndProject
Global
	GlobalSection(SolutionConfigurationPlatforms) = preSolution
		Debug|Any CPU = Debug|Any CPU
		Release|Any CPU = Release|Any CPU
	EndGlobalSection
	GlobalSection(ProjectConfigurationPlatforms) = postSolution
		{ED1BCC47-2311-4312-BCCC-4F2AD6D40D61}.Debug|Any CPU.ActiveCfg = Debug|Any CPU
		{ED1BCC47-2311-4312-BCCC-4F2AD6D40D61}.Debug|Any CPU.Build.0 = Debug|Any CPU
		{ED1BCC47-2311-4312-BCCC-4F2AD6D40D61}.Release|Any CPU.ActiveCfg = Release|Any CPU
		{ED1BCC47-2311-4312-BCCC-4F2AD6D40D61}.Release|Any CPU.Build.0 = Release|Any CPU
	EndGlobalSection
	GlobalSection(SolutionProperties) = preSolution
		HideSolutionNode = FALSE
	EndGlobalSection
	GlobalSection(ExtensibilityGlobals) = postSolution
		SolutionGuid = {12B94841-EBD3-4E32-9898-54E096F0C9C6}
	EndGlobalSection
EndGlobal
