
Microsoft Visual Studio Solution File, Format Version 12.00
# Visual Studio Version 16
VisualStudioVersion = 16.0.29926.136
MinimumVisualStudioVersion = 10.0.40219.1
Project("{FAE04EC0-301F-11D3-BF4B-00C04F79EFBC}") = "Exercicio - Produto", "Exercicio - Produto\Exercicio - Produto.csproj", "{49D75D93-AFBF-4ED1-AEFD-10822DDB0766}"
EndProject
Global
	GlobalSection(SolutionConfigurationPlatforms) = preSolution
		Debug|Any CPU = Debug|Any CPU
		Release|Any CPU = Release|Any CPU
	EndGlobalSection
	GlobalSection(ProjectConfigurationPlatforms) = postSolution
		{49D75D93-AFBF-4ED1-AEFD-10822DDB0766}.Debug|Any CPU.ActiveCfg = Debug|Any CPU
		{49D75D93-AFBF-4ED1-AEFD-10822DDB0766}.Debug|Any CPU.Build.0 = Debug|Any CPU
		{49D75D93-AFBF-4ED1-AEFD-10822DDB0766}.Release|Any CPU.ActiveCfg = Release|Any CPU
		{49D75D93-AFBF-4ED1-AEFD-10822DDB0766}.Release|Any CPU.Build.0 = Release|Any CPU
	EndGlobalSection
	GlobalSection(SolutionProperties) = preSolution
		HideSolutionNode = FALSE
	EndGlobalSection
	GlobalSection(ExtensibilityGlobals) = postSolution
		SolutionGuid = {08337CD7-B103-4845-B819-CEF5E4203961}
	EndGlobalSection
EndGlobal
